
Microsoft Visual Studio Solution File, Format Version 12.00
# Visual Studio 15
VisualStudioVersion = 15.0.28010.2046
MinimumVisualStudioVersion = 10.0.40219.1
Project("{FAE04EC0-301F-11D3-BF4B-00C04F79EFBC}") = "AutomationFramework.WEB", "AutomationFramework.WEB\AutomationFramework.WEB.csproj", "{02EF2DF5-20F6-4B9B-BDBB-29F75D8BF3B0}"
EndProject
Project("{FAE04EC0-301F-11D3-BF4B-00C04F79EFBC}") = "AutomationTesting.WebDriverDemo", "AutomationTesting.WebDriverDemo\AutomationTesting.WebDriverDemo.csproj", "{02B5585F-D0DF-494C-9E63-1EE4625B34B9}"
EndProject
Project("{FAE04EC0-301F-11D3-BF4B-00C04F79EFBC}") = "UiTestProject", "UiTestProject\UiTestProject.csproj", "{DE6BD8C7-6DF0-43F8-857A-AED895EEE517}"
EndProject
Global
	GlobalSection(SolutionConfigurationPlatforms) = preSolution
		Debug|Any CPU = Debug|Any CPU
		Release|Any CPU = Release|Any CPU
	EndGlobalSection
	GlobalSection(ProjectConfigurationPlatforms) = postSolution
		{02EF2DF5-20F6-4B9B-BDBB-29F75D8BF3B0}.Debug|Any CPU.ActiveCfg = Debug|Any CPU
		{02EF2DF5-20F6-4B9B-BDBB-29F75D8BF3B0}.Debug|Any CPU.Build.0 = Debug|Any CPU
		{02EF2DF5-20F6-4B9B-BDBB-29F75D8BF3B0}.Release|Any CPU.ActiveCfg = Release|Any CPU
		{02EF2DF5-20F6-4B9B-BDBB-29F75D8BF3B0}.Release|Any CPU.Build.0 = Release|Any CPU
		{02B5585F-D0DF-494C-9E63-1EE4625B34B9}.Debug|Any CPU.ActiveCfg = Debug|Any CPU
		{02B5585F-D0DF-494C-9E63-1EE4625B34B9}.Debug|Any CPU.Build.0 = Debug|Any CPU
		{02B5585F-D0DF-494C-9E63-1EE4625B34B9}.Release|Any CPU.ActiveCfg = Release|Any CPU
		{02B5585F-D0DF-494C-9E63-1EE4625B34B9}.Release|Any CPU.Build.0 = Release|Any CPU
		{DE6BD8C7-6DF0-43F8-857A-AED895EEE517}.Debug|Any CPU.ActiveCfg = Debug|Any CPU
		{DE6BD8C7-6DF0-43F8-857A-AED895EEE517}.Debug|Any CPU.Build.0 = Debug|Any CPU
		{DE6BD8C7-6DF0-43F8-857A-AED895EEE517}.Release|Any CPU.ActiveCfg = Release|Any CPU
		{DE6BD8C7-6DF0-43F8-857A-AED895EEE517}.Release|Any CPU.Build.0 = Release|Any CPU
	EndGlobalSection
	GlobalSection(SolutionProperties) = preSolution
		HideSolutionNode = FALSE
	EndGlobalSection
	GlobalSection(ExtensibilityGlobals) = postSolution
		SolutionGuid = {6A959BF4-CBBC-4E24-9EC4-D8079F15778E}
	EndGlobalSection
EndGlobal
